
Microsoft Visual Studio Solution File, Format Version 12.00
# Visual Studio Version 16
VisualStudioVersion = 16.0.29911.84
MinimumVisualStudioVersion = 10.0.40219.1
Project("{9A19103F-16F7-4668-BE54-9A1E7A4F7556}") = "ServerTCP", "ServerTCP\ServerTCP.csproj", "{05160E6C-DA74-432B-8D32-9EBF75BE3EE5}"
EndProject
Project("{9A19103F-16F7-4668-BE54-9A1E7A4F7556}") = "ClientTCP_CLI", "ClientTCP_CLI\ClientTCP_CLI.csproj", "{9BE398DB-F422-4820-9B92-A16E8B097867}"
EndProject
Project("{9A19103F-16F7-4668-BE54-9A1E7A4F7556}") = "ClientTCP_GUI", "ClientTCP_GUI\ClientTCP_GUI.csproj", "{46EAFA5F-B1EF-4FB3-BE02-66ED7F9C3A7A}"
EndProject
Global
	GlobalSection(SolutionConfigurationPlatforms) = preSolution
		Debug|Any CPU = Debug|Any CPU
		Release|Any CPU = Release|Any CPU
	EndGlobalSection
	GlobalSection(ProjectConfigurationPlatforms) = postSolution
		{05160E6C-DA74-432B-8D32-9EBF75BE3EE5}.Debug|Any CPU.ActiveCfg = Debug|Any CPU
		{05160E6C-DA74-432B-8D32-9EBF75BE3EE5}.Debug|Any CPU.Build.0 = Debug|Any CPU
		{05160E6C-DA74-432B-8D32-9EBF75BE3EE5}.Release|Any CPU.ActiveCfg = Release|Any CPU
		{05160E6C-DA74-432B-8D32-9EBF75BE3EE5}.Release|Any CPU.Build.0 = Release|Any CPU
		{9BE398DB-F422-4820-9B92-A16E8B097867}.Debug|Any CPU.ActiveCfg = Debug|Any CPU
		{9BE398DB-F422-4820-9B92-A16E8B097867}.Debug|Any CPU.Build.0 = Debug|Any CPU
		{9BE398DB-F422-4820-9B92-A16E8B097867}.Release|Any CPU.ActiveCfg = Release|Any CPU
		{9BE398DB-F422-4820-9B92-A16E8B097867}.Release|Any CPU.Build.0 = Release|Any CPU
		{46EAFA5F-B1EF-4FB3-BE02-66ED7F9C3A7A}.Debug|Any CPU.ActiveCfg = Debug|Any CPU
		{46EAFA5F-B1EF-4FB3-BE02-66ED7F9C3A7A}.Debug|Any CPU.Build.0 = Debug|Any CPU
		{46EAFA5F-B1EF-4FB3-BE02-66ED7F9C3A7A}.Release|Any CPU.ActiveCfg = Release|Any CPU
		{46EAFA5F-B1EF-4FB3-BE02-66ED7F9C3A7A}.Release|Any CPU.Build.0 = Release|Any CPU
	EndGlobalSection
	GlobalSection(SolutionProperties) = preSolution
		HideSolutionNode = FALSE
	EndGlobalSection
	GlobalSection(ExtensibilityGlobals) = postSolution
		SolutionGuid = {DB60AD91-FF96-4D4B-B4C4-F04E21D2C274}
	EndGlobalSection
EndGlobal
